
Microsoft Visual Studio Solution File, Format Version 12.00
# Visual Studio Version 17
VisualStudioVersion = 17.1.32421.90
MinimumVisualStudioVersion = 10.0.40219.1
Project("{FAE04EC0-301F-11D3-BF4B-00C04F79EFBC}") = "SeriousSoftware.TestTask", "SeriousSoftware.TestTask\SeriousSoftware.TestTask.csproj", "{D2BCACC8-9F08-4D47-8B42-DD2ED13BCA13}"
EndProject
Global
	GlobalSection(SolutionConfigurationPlatforms) = preSolution
		Debug|Any CPU = Debug|Any CPU
		Release|Any CPU = Release|Any CPU
	EndGlobalSection
	GlobalSection(ProjectConfigurationPlatforms) = postSolution
		{D2BCACC8-9F08-4D47-8B42-DD2ED13BCA13}.Debug|Any CPU.ActiveCfg = Debug|Any CPU
		{D2BCACC8-9F08-4D47-8B42-DD2ED13BCA13}.Debug|Any CPU.Build.0 = Debug|Any CPU
		{D2BCACC8-9F08-4D47-8B42-DD2ED13BCA13}.Release|Any CPU.ActiveCfg = Release|Any CPU
		{D2BCACC8-9F08-4D47-8B42-DD2ED13BCA13}.Release|Any CPU.Build.0 = Release|Any CPU
	EndGlobalSection
	GlobalSection(SolutionProperties) = preSolution
		HideSolutionNode = FALSE
	EndGlobalSection
	GlobalSection(ExtensibilityGlobals) = postSolution
		SolutionGuid = {8F716BDF-278C-45F8-A86E-DB3CB9C583AC}
	EndGlobalSection
EndGlobal
